
Microsoft Visual Studio Solution File, Format Version 12.00
# Visual Studio Version 16
VisualStudioVersion = 16.0.30309.148
MinimumVisualStudioVersion = 10.0.40219.1
Project("{FAE04EC0-301F-11D3-BF4B-00C04F79EFBC}") = "FileReaderr", "FileReaderr.csproj", "{BA2D0591-065A-459B-8CAC-C6685BA98F51}"
EndProject
Global
	GlobalSection(SolutionConfigurationPlatforms) = preSolution
		Debug|Any CPU = Debug|Any CPU
		Release|Any CPU = Release|Any CPU
	EndGlobalSection
	GlobalSection(ProjectConfigurationPlatforms) = postSolution
		{BA2D0591-065A-459B-8CAC-C6685BA98F51}.Debug|Any CPU.ActiveCfg = Debug|Any CPU
		{BA2D0591-065A-459B-8CAC-C6685BA98F51}.Debug|Any CPU.Build.0 = Debug|Any CPU
		{BA2D0591-065A-459B-8CAC-C6685BA98F51}.Release|Any CPU.ActiveCfg = Release|Any CPU
		{BA2D0591-065A-459B-8CAC-C6685BA98F51}.Release|Any CPU.Build.0 = Release|Any CPU
	EndGlobalSection
	GlobalSection(SolutionProperties) = preSolution
		HideSolutionNode = FALSE
	EndGlobalSection
	GlobalSection(ExtensibilityGlobals) = postSolution
		SolutionGuid = {14CEFF53-2FC5-4A45-9989-F973A3685E96}
	EndGlobalSection
EndGlobal
